// !$*UTF8*$!
{
	archiveVersion = 1;
	classes = {
	};
	objectVersion = 50;
	objects = {

/* Begin PBXBuildFile section */
		6394F20325888B5D00FF1AC5 /* Todo_list_tutorialApp.swift in Sources */ = {isa = PBXBuildFile; fileRef = 6394F20225888B5D00FF1AC5 /* Todo_list_tutorialApp.swift */; };
		6394F20525888B5D00FF1AC5 /* ContentView.swift in Sources */ = {isa = PBXBuildFile; fileRef = 6394F20425888B5D00FF1AC5 /* ContentView.swift */; };
		6394F20725888B5F00FF1AC5 /* Assets.xcassets in Resources */ = {isa = PBXBuildFile; fileRef = 6394F20625888B5F00FF1AC5 /* Assets.xcassets */; };
		6394F20A25888B5F00FF1AC5 /* Preview Assets.xcassets in Resources */ = {isa = PBXBuildFile; fileRef = 6394F20925888B5F00FF1AC5 /* Preview Assets.xcassets */; };
		6394F21525888B6000FF1AC5 /* Todo_list_tutorialTests.swift in Sources */ = {isa = PBXBuildFile; fileRef = 6394F21425888B6000FF1AC5 /* Todo_list_tutorialTests.swift */; };
		6394F22025888B6000FF1AC5 /* Todo_list_tutorialUITests.swift in Sources */ = {isa = PBXBuildFile; fileRef = 6394F21F25888B6000FF1AC5 /* Todo_list_tutorialUITests.swift */; };
		6394F23125888BFE00FF1AC5 /* Data.swift in Sources */ = {isa = PBXBuildFile; fileRef = 6394F23025888BFE00FF1AC5 /* Data.swift */; };
/* End PBXBuildFile section */

/* Begin PBXContainerItemProxy section */
		6394F21125888B6000FF1AC5 /* PBXContainerItemProxy */ = {
			isa = PBXContainerItemProxy;
			containerPortal = 6394F1F725888B5D00FF1AC5 /* Project object */;
			proxyType = 1;
			remoteGlobalIDString = 6394F1FE25888B5D00FF1AC5;
			remoteInfo = "Todo list tutorial";
		};
		6394F21C25888B6000FF1AC5 /* PBXContainerItemProxy */ = {
			isa = PBXContainerItemProxy;
			containerPortal = 6394F1F725888B5D00FF1AC5 /* Project object */;
			proxyType = 1;
			remoteGlobalIDString = 6394F1FE25888B5D00FF1AC5;
			remoteInfo = "Todo list tutorial";
		};
/* End PBXContainerItemProxy section */

/* Begin PBXFileReference section */
		6394F1FF25888B5D00FF1AC5 /* Todo list tutorial.app */ = {isa = PBXFileReference; explicitFileType = wrapper.application; includeInIndex = 0; path = "Todo list tutorial.app"; sourceTree = BUILT_PRODUCTS_DIR; };
		6394F20225888B5D00FF1AC5 /* Todo_list_tutorialApp.swift */ = {isa = PBXFileReference; lastKnownFileType = sourcecode.swift; path = Todo_list_tutorialApp.swift; sourceTree = "<group>"; };
		6394F20425888B5D00FF1AC5 /* ContentView.swift */ = {isa = PBXFileReference; lastKnownFileType = sourcecode.swift; path = ContentView.swift; sourceTree = "<group>"; };
		6394F20625888B5F00FF1AC5 /* Assets.xcassets */ = {isa = PBXFileReference; lastKnownFileType = folder.assetcatalog; path = Assets.xcassets; sourceTree = "<group>"; };
		6394F20925888B5F00FF1AC5 /* Preview Assets.xcassets */ = {isa = PBXFileReference; lastKnownFileType = folder.assetcatalog; path = "Preview Assets.xcassets"; sourceTree = "<group>"; };
		6394F20B25888B5F00FF1AC5 /* Info.plist */ = {isa = PBXFileReference; lastKnownFileType = text.plist.xml; path = Info.plist; sourceTree = "<group>"; };
		6394F21025888B6000FF1AC5 /* Todo list tutorialTests.xctest */ = {isa = PBXFileReference; explicitFileType = wrapper.cfbundle; includeInIndex = 0; path = "Todo list tutorialTests.xctest"; sourceTree = BUILT_PRODUCTS_DIR; };
		6394F21425888B6000FF1AC5 /* Todo_list_tutorialTests.swift */ = {isa = PBXFileReference; lastKnownFileType = sourcecode.swift; path = Todo_list_tutorialTests.swift; sourceTree = "<group>"; };
		6394F21625888B6000FF1AC5 /* Info.plist */ = {isa = PBXFileReference; lastKnownFileType = text.plist.xml; path = Info.plist; sourceTree = "<group>"; };
		6394F21B25888B6000FF1AC5 /* Todo list tutorialUITests.xctest */ = {isa = PBXFileReference; explicitFileType = wrapper.cfbundle; includeInIndex = 0; path = "Todo list tutorialUITests.xctest"; sourceTree = BUILT_PRODUCTS_DIR; };
		6394F21F25888B6000FF1AC5 /* Todo_list_tutorialUITests.swift */ = {isa = PBXFileReference; lastKnownFileType = sourcecode.swift; path = Todo_list_tutorialUITests.swift; sourceTree = "<group>"; };
		6394F22125888B6000FF1AC5 /* Info.plist */ = {isa = PBXFileReference; lastKnownFileType = text.plist.xml; path = Info.plist; sourceTree = "<group>"; };
		6394F23025888BFE00FF1AC5 /* Data.swift */ = {isa = PBXFileReference; lastKnownFileType = sourcecode.swift; path = Data.swift; sourceTree = "<group>"; };
/* End PBXFileReference section */

/* Begin PBXFrameworksBuildPhase section */
		6394F1FC25888B5D00FF1AC5 /* Frameworks */ = {
			isa = PBXFrameworksBuildPhase;
			buildActionMask = 2147483647;
			files = (
			);
			runOnlyForDeploymentPostprocessing = 0;
		};
		6394F20D25888B6000FF1AC5 /* Frameworks */ = {
			isa = PBXFrameworksBuildPhase;
			buildActionMask = 2147483647;
			files = (
			);
			runOnlyForDeploymentPostprocessing = 0;
		};
		6394F21825888B6000FF1AC5 /* Frameworks */ = {
			isa = PBXFrameworksBuildPhase;
			buildActionMask = 2147483647;
			files = (
			);
			runOnlyForDeploymentPostprocessing = 0;
		};
/* End PBXFrameworksBuildPhase section */

/* Begin PBXGroup section */
		6394F1F625888B5D00FF1AC5 = {
			isa = PBXGroup;
			children = (
				6394F20125888B5D00FF1AC5 /* Todo list tutorial */,
				6394F21325888B6000FF1AC5 /* Todo list tutorialTests */,
				6394F21E25888B6000FF1AC5 /* Todo list tutorialUITests */,
				6394F20025888B5D00FF1AC5 /* Products */,
			);
			sourceTree = "<group>";
		};
		6394F20025888B5D00FF1AC5 /* Products */ = {
			isa = PBXGroup;
			children = (
				6394F1FF25888B5D00FF1AC5 /* Todo list tutorial.app */,
				6394F21025888B6000FF1AC5 /* Todo list tutorialTests.xctest */,
				6394F21B25888B6000FF1AC5 /* Todo list tutorialUITests.xctest */,
			);
			name = Products;
			sourceTree = "<group>";
		};
		6394F20125888B5D00FF1AC5 /* Todo list tutorial */ = {
			isa = PBXGroup;
			children = (
				6394F20225888B5D00FF1AC5 /* Todo_list_tutorialApp.swift */,
				6394F20425888B5D00FF1AC5 /* ContentView.swift */,
				6394F20625888B5F00FF1AC5 /* Assets.xcassets */,
				6394F20B25888B5F00FF1AC5 /* Info.plist */,
				6394F20825888B5F00FF1AC5 /* Preview Content */,
				6394F23025888BFE00FF1AC5 /* Data.swift */,
			);
			path = "Todo list tutorial";
			sourceTree = "<group>";
		};
		6394F20825888B5F00FF1AC5 /* Preview Content */ = {
			isa = PBXGroup;
			children = (
				6394F20925888B5F00FF1AC5 /* Preview Assets.xcassets */,
			);
			path = "Preview Content";
			sourceTree = "<group>";
		};
		6394F21325888B6000FF1AC5 /* Todo list tutorialTests */ = {
			isa = PBXGroup;
			children = (
				6394F21425888B6000FF1AC5 /* Todo_list_tutorialTests.swift */,
				6394F21625888B6000FF1AC5 /* Info.plist */,
			);
			path = "Todo list tutorialTests";
			sourceTree = "<group>";
		};
		6394F21E25888B6000FF1AC5 /* Todo list tutorialUITests */ = {
			isa = PBXGroup;
			children = (
				6394F21F25888B6000FF1AC5 /* Todo_list_tutorialUITests.swift */,
				6394F22125888B6000FF1AC5 /* Info.plist */,
			);
			path = "Todo list tutorialUITests";
			sourceTree = "<group>";
		};
/* End PBXGroup section */

/* Begin PBXNativeTarget section */
		6394F1FE25888B5D00FF1AC5 /* Todo list tutorial */ = {
			isa = PBXNativeTarget;
			buildConfigurationList = 6394F22425888B6000FF1AC5 /* Build configuration list for PBXNativeTarget "Todo list tutorial" */;
			buildPhases = (
				6394F1FB25888B5D00FF1AC5 /* Sources */,
				6394F1FC25888B5D00FF1AC5 /* Frameworks */,
				6394F1FD25888B5D00FF1AC5 /* Resources */,
			);
			buildRules = (
			);
			dependencies = (
			);
			name = "Todo list tutorial";
			productName = "Todo list tutorial";
			productReference = 6394F1FF25888B5D00FF1AC5 /* Todo list tutorial.app */;
			productType = "com.apple.product-type.application";
		};
		6394F20F25888B6000FF1AC5 /* Todo list tutorialTests */ = {
			isa = PBXNativeTarget;
			buildConfigurationList = 6394F22725888B6000FF1AC5 /* Build configuration list for PBXNativeTarget "Todo list tutorialTests" */;
			buildPhases = (
				6394F20C25888B6000FF1AC5 /* Sources */,
				6394F20D25888B6000FF1AC5 /* Frameworks */,
				6394F20E25888B6000FF1AC5 /* Resources */,
			);
			buildRules = (
			);
			dependencies = (
				6394F21225888B6000FF1AC5 /* PBXTargetDependency */,
			);
			name = "Todo list tutorialTests";
			productName = "Todo list tutorialTests";
			productReference = 6394F21025888B6000FF1AC5 /* Todo list tutorialTests.xctest */;
			productType = "com.apple.product-type.bundle.unit-test";
		};
		6394F21A25888B6000FF1AC5 /* Todo list tutorialUITests */ = {
			isa = PBXNativeTarget;
			buildConfigurationList = 6394F22A25888B6000FF1AC5 /* Build configuration list for PBXNativeTarget "Todo list tutorialUITests" */;
			buildPhases = (
				6394F21725888B6000FF1AC5 /* Sources */,
				6394F21825888B6000FF1AC5 /* Frameworks */,
				6394F21925888B6000FF1AC5 /* Resources */,
			);
			buildRules = (
			);
			dependencies = (
				6394F21D25888B6000FF1AC5 /* PBXTargetDependency */,
			);
			name = "Todo list tutorialUITests";
			productName = "Todo list tutorialUITests";
			productReference = 6394F21B25888B6000FF1AC5 /* Todo list tutorialUITests.xctest */;
			productType = "com.apple.product-type.bundle.ui-testing";
		};
/* End PBXNativeTarget section */

/* Begin PBXProject section */
		6394F1F725888B5D00FF1AC5 /* Project object */ = {
			isa = PBXProject;
			attributes = {
				LastSwiftUpdateCheck = 1220;
				LastUpgradeCheck = 1220;
				TargetAttributes = {
					6394F1FE25888B5D00FF1AC5 = {
						CreatedOnToolsVersion = 12.2;
					};
					6394F20F25888B6000FF1AC5 = {
						CreatedOnToolsVersion = 12.2;
						TestTargetID = 6394F1FE25888B5D00FF1AC5;
					};
					6394F21A25888B6000FF1AC5 = {
						CreatedOnToolsVersion = 12.2;
						TestTargetID = 6394F1FE25888B5D00FF1AC5;
					};
				};
			};
			buildConfigurationList = 6394F1FA25888B5D00FF1AC5 /* Build configuration list for PBXProject "Todo list tutorial" */;
			compatibilityVersion = "Xcode 9.3";
			developmentRegion = en;
			hasScannedForEncodings = 0;
			knownRegions = (
				en,
				Base,
			);
			mainGroup = 6394F1F625888B5D00FF1AC5;
			productRefGroup = 6394F20025888B5D00FF1AC5 /* Products */;
			projectDirPath = "";
			projectRoot = "";
			targets = (
				6394F1FE25888B5D00FF1AC5 /* Todo list tutorial */,
				6394F20F25888B6000FF1AC5 /* Todo list tutorialTests */,
				6394F21A25888B6000FF1AC5 /* Todo list tutorialUITests */,
			);
		};
/* End PBXProject section */

/* Begin PBXResourcesBuildPhase section */
		6394F1FD25888B5D00FF1AC5 /* Resources */ = {
			isa = PBXResourcesBuildPhase;
			buildActionMask = 2147483647;
			files = (
				6394F20A25888B5F00FF1AC5 /* Preview Assets.xcassets in Resources */,
				6394F20725888B5F00FF1AC5 /* Assets.xcassets in Resources */,
			);
			runOnlyForDeploymentPostprocessing = 0;
		};
		6394F20E25888B6000FF1AC5 /* Resources */ = {
			isa = PBXResourcesBuildPhase;
			buildActionMask = 2147483647;
			files = (
			);
			runOnlyForDeploymentPostprocessing = 0;
		};
		6394F21925888B6000FF1AC5 /* Resources */ = {
			isa = PBXResourcesBuildPhase;
			buildActionMask = 2147483647;
			files = (
			);
			runOnlyForDeploymentPostprocessing = 0;
		};
/* End PBXResourcesBuildPhase section */

/* Begin PBXSourcesBuildPhase section */
		6394F1FB25888B5D00FF1AC5 /* Sources */ = {
			isa = PBXSourcesBuildPhase;
			buildActionMask = 2147483647;
			files = (
				6394F20525888B5D00FF1AC5 /* ContentView.swift in Sources */,
				6394F23125888BFE00FF1AC5 /* Data.swift in Sources */,
				6394F20325888B5D00FF1AC5 /* Todo_list_tutorialApp.swift in Sources */,
			);
			runOnlyForDeploymentPostprocessing = 0;
		};
		6394F20C25888B6000FF1AC5 /* Sources */ = {
			isa = PBXSourcesBuildPhase;
			buildActionMask = 2147483647;
			files = (
				6394F21525888B6000FF1AC5 /* Todo_list_tutorialTests.swift in Sources */,
			);
			runOnlyForDeploymentPostprocessing = 0;
		};
		6394F21725888B6000FF1AC5 /* Sources */ = {
			isa = PBXSourcesBuildPhase;
			buildActionMask = 2147483647;
			files = (
				6394F22025888B6000FF1AC5 /* Todo_list_tutorialUITests.swift in Sources */,
			);
			runOnlyForDeploymentPostprocessing = 0;
		};
/* End PBXSourcesBuildPhase section */

/* Begin PBXTargetDependency section */
		6394F21225888B6000FF1AC5 /* PBXTargetDependency */ = {
			isa = PBXTargetDependency;
			target = 6394F1FE25888B5D00FF1AC5 /* Todo list tutorial */;
			targetProxy = 6394F21125888B6000FF1AC5 /* PBXContainerItemProxy */;
		};
		6394F21D25888B6000FF1AC5 /* PBXTargetDependency */ = {
			isa = PBXTargetDependency;
			target = 6394F1FE25888B5D00FF1AC5 /* Todo list tutorial */;
			targetProxy = 6394F21C25888B6000FF1AC5 /* PBXContainerItemProxy */;
		};
/* End PBXTargetDependency section */

/* Begin XCBuildConfiguration section */
		6394F22225888B6000FF1AC5 /* Debug */ = {
			isa = XCBuildConfiguration;
			buildSettings = {
				ALWAYS_SEARCH_USER_PATHS = NO;
				CLANG_ANALYZER_NONNULL = YES;
				CLANG_ANALYZER_NUMBER_OBJECT_CONVERSION = YES_AGGRESSIVE;
				CLANG_CXX_LANGUAGE_STANDARD = "gnu++14";
				CLANG_CXX_LIBRARY = "libc++";
				CLANG_ENABLE_MODULES = YES;
				CLANG_ENABLE_OBJC_ARC = YES;
				CLANG_ENABLE_OBJC_WEAK = YES;
				CLANG_WARN_BLOCK_CAPTURE_AUTORELEASING = YES;
				CLANG_WARN_BOOL_CONVERSION = YES;
				CLANG_WARN_COMMA = YES;
				CLANG_WARN_CONSTANT_CONVERSION = YES;
				CLANG_WARN_DEPRECATED_OBJC_IMPLEMENTATIONS = YES;
				CLANG_WARN_DIRECT_OBJC_ISA_USAGE = YES_ERROR;
				CLANG_WARN_DOCUMENTATION_COMMENTS = YES;
				CLANG_WARN_EMPTY_BODY = YES;
				CLANG_WARN_ENUM_CONVERSION = YES;
				CLANG_WARN_INFINITE_RECURSION = YES;
				CLANG_WARN_INT_CONVERSION = YES;
				CLANG_WARN_NON_LITERAL_NULL_CONVERSION = YES;
				CLANG_WARN_OBJC_IMPLICIT_RETAIN_SELF = YES;
				CLANG_WARN_OBJC_LITERAL_CONVERSION = YES;
				CLANG_WARN_OBJC_ROOT_CLASS = YES_ERROR;
				CLANG_WARN_QUOTED_INCLUDE_IN_FRAMEWORK_HEADER = YES;
				CLANG_WARN_RANGE_LOOP_ANALYSIS = YES;
				CLANG_WARN_STRICT_PROTOTYPES = YES;
				CLANG_WARN_SUSPICIOUS_MOVE = YES;
				CLANG_WARN_UNGUARDED_AVAILABILITY = YES_AGGRESSIVE;
				CLANG_WARN_UNREACHABLE_CODE = YES;
				CLANG_WARN__DUPLICATE_METHOD_MATCH = YES;
				COPY_PHASE_STRIP = NO;
				DEBUG_INFORMATION_FORMAT = dwarf;
				ENABLE_STRICT_OBJC_MSGSEND = YES;
				ENABLE_TESTABILITY = YES;
				GCC_C_LANGUAGE_STANDARD = gnu11;
				GCC_DYNAMIC_NO_PIC = NO;
				GCC_NO_COMMON_BLOCKS = YES;
				GCC_OPTIMIZATION_LEVEL = 0;
				GCC_PREPROCESSOR_DEFINITIONS = (
					"DEBUG=1",
					"$(inherited)",
				);
				GCC_WARN_64_TO_32_BIT_CONVERSION = YES;
				GCC_WARN_ABOUT_RETURN_TYPE = YES_ERROR;
				GCC_WARN_UNDECLARED_SELECTOR = YES;
				GCC_WARN_UNINITIALIZED_AUTOS = YES_AGGRESSIVE;
				GCC_WARN_UNUSED_FUNCTION = YES;
				GCC_WARN_UNUSED_VARIABLE = YES;
				IPHONEOS_DEPLOYMENT_TARGET = 14.2;
				MTL_ENABLE_DEBUG_INFO = INCLUDE_SOURCE;
				MTL_FAST_MATH = YES;
				ONLY_ACTIVE_ARCH = YES;
				SDKROOT = iphoneos;
				SWIFT_ACTIVE_COMPILATION_CONDITIONS = DEBUG;
				SWIFT_OPTIMIZATION_LEVEL = "-Onone";
			};
			name = Debug;
		};
		6394F22325888B6000FF1AC5 /* Release */ = {
			isa = XCBuildConfiguration;
			buildSettings = {
				ALWAYS_SEARCH_USER_PATHS = NO;
				CLANG_ANALYZER_NONNULL = YES;
				CLANG_ANALYZER_NUMBER_OBJECT_CONVERSION = YES_AGGRESSIVE;
				CLANG_CXX_LANGUAGE_STANDARD = "gnu++14";
				CLANG_CXX_LIBRARY = "libc++";
				CLANG_ENABLE_MODULES = YES;
				CLANG_ENABLE_OBJC_ARC = YES;
				CLANG_ENABLE_OBJC_WEAK = YES;
				CLANG_WARN_BLOCK_CAPTURE_AUTORELEASING = YES;
				CLANG_WARN_BOOL_CONVERSION = YES;
				CLANG_WARN_COMMA = YES;
				CLANG_WARN_CONSTANT_CONVERSION = YES;
				CLANG_WARN_DEPRECATED_OBJC_IMPLEMENTATIONS = YES;
				CLANG_WARN_DIRECT_OBJC_ISA_USAGE = YES_ERROR;
				CLANG_WARN_DOCUMENTATION_COMMENTS = YES;
				CLANG_WARN_EMPTY_BODY = YES;
				CLANG_WARN_ENUM_CONVERSION = YES;
				CLANG_WARN_INFINITE_RECURSION = YES;
				CLANG_WARN_INT_CONVERSION = YES;
				CLANG_WARN_NON_LITERAL_NULL_CONVERSION = YES;
				CLANG_WARN_OBJC_IMPLICIT_RETAIN_SELF = YES;
				CLANG_WARN_OBJC_LITERAL_CONVERSION = YES;
				CLANG_WARN_OBJC_ROOT_CLASS = YES_ERROR;
				CLANG_WARN_QUOTED_INCLUDE_IN_FRAMEWORK_HEADER = YES;
				CLANG_WARN_RANGE_LOOP_ANALYSIS = YES;
				CLANG_WARN_STRICT_PROTOTYPES = YES;
				CLANG_WARN_SUSPICIOUS_MOVE = YES;
				CLANG_WARN_UNGUARDED_AVAILABILITY = YES_AGGRESSIVE;
				CLANG_WARN_UNREACHABLE_CODE = YES;
				CLANG_WARN__DUPLICATE_METHOD_MATCH = YES;
				COPY_PHASE_STRIP = NO;
				DEBUG_INFORMATION_FORMAT = "dwarf-with-dsym";
				ENABLE_NS_ASSERTIONS = NO;
				ENABLE_STRICT_OBJC_MSGSEND = YES;
				GCC_C_LANGUAGE_STANDARD = gnu11;
				GCC_NO_COMMON_BLOCKS = YES;
				GCC_WARN_64_TO_32_BIT_CONVERSION = YES;
				GCC_WARN_ABOUT_RETURN_TYPE = YES_ERROR;
				GCC_WARN_UNDECLARED_SELECTOR = YES;
				GCC_WARN_UNINITIALIZED_AUTOS = YES_AGGRESSIVE;
				GCC_WARN_UNUSED_FUNCTION = YES;
				GCC_WARN_UNUSED_VARIABLE = YES;
				IPHONEOS_DEPLOYMENT_TARGET = 14.2;
				MTL_ENABLE_DEBUG_INFO = NO;
				MTL_FAST_MATH = YES;
				SDKROOT = iphoneos;
				SWIFT_COMPILATION_MODE = wholemodule;
				SWIFT_OPTIMIZATION_LEVEL = "-O";
				VALIDATE_PRODUCT = YES;
			};
			name = Release;
		};
		6394F22525888B6000FF1AC5 /* Debug */ = {
			isa = XCBuildConfiguration;
			buildSettings = {
				ASSETCATALOG_COMPILER_APPICON_NAME = AppIcon;
				ASSETCATALOG_COMPILER_GLOBAL_ACCENT_COLOR_NAME = AccentColor;
				CODE_SIGN_STYLE = Automatic;
				DEVELOPMENT_ASSET_PATHS = "\"Todo list tutorial/Preview Content\"";
				DEVELOPMENT_TEAM = LMM66LU4TM;
				ENABLE_PREVIEWS = YES;
				INFOPLIST_FILE = "Todo list tutorial/Info.plist";
				IPHONEOS_DEPLOYMENT_TARGET = 14.0;
				LD_RUNPATH_SEARCH_PATHS = (
					"$(inherited)",
					"@executable_path/Frameworks",
				);
				PRODUCT_BUNDLE_IDENTIFIER = "learningSwiftUI.Todo-list-tutorial";
				PRODUCT_NAME = "$(TARGET_NAME)";
				SWIFT_VERSION = 5.0;
				TARGETED_DEVICE_FAMILY = "1,2";
			};
			name = Debug;
		};
		6394F22625888B6000FF1AC5 /* Release */ = {
			isa = XCBuildConfiguration;
			buildSettings = {
				ASSETCATALOG_COMPILER_APPICON_NAME = AppIcon;
				ASSETCATALOG_COMPILER_GLOBAL_ACCENT_COLOR_NAME = AccentColor;
				CODE_SIGN_STYLE = Automatic;
				DEVELOPMENT_ASSET_PATHS = "\"Todo list tutorial/Preview Content\"";
				DEVELOPMENT_TEAM = LMM66LU4TM;
				ENABLE_PREVIEWS = YES;
				INFOPLIST_FILE = "Todo list tutorial/Info.plist";
				IPHONEOS_DEPLOYMENT_TARGET = 14.0;
				LD_RUNPATH_SEARCH_PATHS = (
					"$(inherited)",
					"@executable_path/Frameworks",
				);
				PRODUCT_BUNDLE_IDENTIFIER = "learningSwiftUI.Todo-list-tutorial";
				PRODUCT_NAME = "$(TARGET_NAME)";
				SWIFT_VERSION = 5.0;
				TARGETED_DEVICE_FAMILY = "1,2";
			};
			name = Release;
		};
		6394F22825888B6000FF1AC5 /* Debug */ = {
			isa = XCBuildConfiguration;
			buildSettings = {
				ALWAYS_EMBED_SWIFT_STANDARD_LIBRARIES = YES;
				BUNDLE_LOADER = "$(TEST_HOST)";
				CODE_SIGN_STYLE = Automatic;
				DEVELOPMENT_TEAM = LMM66LU4TM;
				INFOPLIST_FILE = "Todo list tutorialTests/Info.plist";
				IPHONEOS_DEPLOYMENT_TARGET = 14.0;
				LD_RUNPATH_SEARCH_PATHS = (
					"$(inherited)",
					"@executable_path/Frameworks",
					"@loader_path/Frameworks",
				);
				PRODUCT_BUNDLE_IDENTIFIER = "learningSwiftUI.Todo-list-tutorialTests";
				PRODUCT_NAME = "$(TARGET_NAME)";
				SWIFT_VERSION = 5.0;
				TARGETED_DEVICE_FAMILY = "1,2";
				TEST_HOST = "$(BUILT_PRODUCTS_DIR)/Todo list tutorial.app/Todo list tutorial";
			};
			name = Debug;
		};
		6394F22925888B6000FF1AC5 /* Release */ = {
			isa = XCBuildConfiguration;
			buildSettings = {
				ALWAYS_EMBED_SWIFT_STANDARD_LIBRARIES = YES;
				BUNDLE_LOADER = "$(TEST_HOST)";
				CODE_SIGN_STYLE = Automatic;
				DEVELOPMENT_TEAM = LMM66LU4TM;
				INFOPLIST_FILE = "Todo list tutorialTests/Info.plist";
				IPHONEOS_DEPLOYMENT_TARGET = 14.0;
				LD_RUNPATH_SEARCH_PATHS = (
					"$(inherited)",
					"@executable_path/Frameworks",
					"@loader_path/Frameworks",
				);
				PRODUCT_BUNDLE_IDENTIFIER = "learningSwiftUI.Todo-list-tutorialTests";
				PRODUCT_NAME = "$(TARGET_NAME)";
				SWIFT_VERSION = 5.0;
				TARGETED_DEVICE_FAMILY = "1,2";
				TEST_HOST = "$(BUILT_PRODUCTS_DIR)/Todo list tutorial.app/Todo list tutorial";
			};
			name = Release;
		};
		6394F22B25888B6000FF1AC5 /* Debug */ = {
			isa = XCBuildConfiguration;
			buildSettings = {
				ALWAYS_EMBED_SWIFT_STANDARD_LIBRARIES = YES;
				CODE_SIGN_STYLE = Automatic;
				DEVELOPMENT_TEAM = LMM66LU4TM;
				INFOPLIST_FILE = "Todo list tutorialUITests/Info.plist";
				LD_RUNPATH_SEARCH_PATHS = (
					"$(inherited)",
					"@executable_path/Frameworks",
					"@loader_path/Frameworks",
				);
				PRODUCT_BUNDLE_IDENTIFIER = "learningSwiftUI.Todo-list-tutorialUITests";
				PRODUCT_NAME = "$(TARGET_NAME)";
				SWIFT_VERSION = 5.0;
				TARGETED_DEVICE_FAMILY = "1,2";
				TEST_TARGET_NAME = "Todo list tutorial";
			};
			name = Debug;
		};
		6394F22C25888B6000FF1AC5 /* Release */ = {
			isa = XCBuildConfiguration;
			buildSettings = {
				ALWAYS_EMBED_SWIFT_STANDARD_LIBRARIES = YES;
				CODE_SIGN_STYLE = Automatic;
				DEVELOPMENT_TEAM = LMM66LU4TM;
				INFOPLIST_FILE = "Todo list tutorialUITests/Info.plist";
				LD_RUNPATH_SEARCH_PATHS = (
					"$(inherited)",
					"@executable_path/Frameworks",
					"@loader_path/Frameworks",
				);
				PRODUCT_BUNDLE_IDENTIFIER = "learningSwiftUI.Todo-list-tutorialUITests";
				PRODUCT_NAME = "$(TARGET_NAME)";
				SWIFT_VERSION = 5.0;
				TARGETED_DEVICE_FAMILY = "1,2";
				TEST_TARGET_NAME = "Todo list tutorial";
			};
			name = Release;
		};
/* End XCBuildConfiguration section */

/* Begin XCConfigurationList section */
		6394F1FA25888B5D00FF1AC5 /* Build configuration list for PBXProject "Todo list tutorial" */ = {
			isa = XCConfigurationList;
			buildConfigurations = (
				6394F22225888B6000FF1AC5 /* Debug */,
				6394F22325888B6000FF1AC5 /* Release */,
			);
			defaultConfigurationIsVisible = 0;
			defaultConfigurationName = Release;
		};
		6394F22425888B6000FF1AC5 /* Build configuration list for PBXNativeTarget "Todo list tutorial" */ = {
			isa = XCConfigurationList;
			buildConfigurations = (
				6394F22525888B6000FF1AC5 /* Debug */,
				6394F22625888B6000FF1AC5 /* Release */,
			);
			defaultConfigurationIsVisible = 0;
			defaultConfigurationName = Release;
		};
		6394F22725888B6000FF1AC5 /* Build configuration list for PBXNativeTarget "Todo list tutorialTests" */ = {
			isa = XCConfigurationList;
			buildConfigurations = (
				6394F22825888B6000FF1AC5 /* Debug */,
				6394F22925888B6000FF1AC5 /* Release */,
			);
			defaultConfigurationIsVisible = 0;
			defaultConfigurationName = Release;
		};
		6394F22A25888B6000FF1AC5 /* Build configuration list for PBXNativeTarget "Todo list tutorialUITests" */ = {
			isa = XCConfigurationList;
			buildConfigurations = (
				6394F22B25888B6000FF1AC5 /* Debug */,
				6394F22C25888B6000FF1AC5 /* Release */,
			);
			defaultConfigurationIsVisible = 0;
			defaultConfigurationName = Release;
		};
/* End XCConfigurationList section */
	};
	rootObject = 6394F1F725888B5D00FF1AC5 /* Project object */;
}
