// !$*UTF8*$!
{
	archiveVersion = 1;
	classes = {
	};
	objectVersion = 50;
	objects = {

/* Begin PBXBuildFile section */
		634B0C1126A28A1200D189F0 /* SpentPrototypeApp.swift in Sources */ = {isa = PBXBuildFile; fileRef = 634B0C1026A28A1200D189F0 /* SpentPrototypeApp.swift */; };
		634B0C1326A28A1200D189F0 /* ContentView.swift in Sources */ = {isa = PBXBuildFile; fileRef = 634B0C1226A28A1200D189F0 /* ContentView.swift */; };
		634B0C1526A28A1600D189F0 /* Assets.xcassets in Resources */ = {isa = PBXBuildFile; fileRef = 634B0C1426A28A1600D189F0 /* Assets.xcassets */; };
		634B0C1826A28A1600D189F0 /* Preview Assets.xcassets in Resources */ = {isa = PBXBuildFile; fileRef = 634B0C1726A28A1600D189F0 /* Preview Assets.xcassets */; };
		63EFE3FF26A2930A00000FF2 /* SpendingType.swift in Sources */ = {isa = PBXBuildFile; fileRef = 63EFE3FE26A2930A00000FF2 /* SpendingType.swift */; };
/* End PBXBuildFile section */

/* Begin PBXFileReference section */
		634B0C0D26A28A1200D189F0 /* SpentPrototype.app */ = {isa = PBXFileReference; explicitFileType = wrapper.application; includeInIndex = 0; path = SpentPrototype.app; sourceTree = BUILT_PRODUCTS_DIR; };
		634B0C1026A28A1200D189F0 /* SpentPrototypeApp.swift */ = {isa = PBXFileReference; lastKnownFileType = sourcecode.swift; path = SpentPrototypeApp.swift; sourceTree = "<group>"; };
		634B0C1226A28A1200D189F0 /* ContentView.swift */ = {isa = PBXFileReference; lastKnownFileType = sourcecode.swift; path = ContentView.swift; sourceTree = "<group>"; };
		634B0C1426A28A1600D189F0 /* Assets.xcassets */ = {isa = PBXFileReference; lastKnownFileType = folder.assetcatalog; path = Assets.xcassets; sourceTree = "<group>"; };
		634B0C1726A28A1600D189F0 /* Preview Assets.xcassets */ = {isa = PBXFileReference; lastKnownFileType = folder.assetcatalog; path = "Preview Assets.xcassets"; sourceTree = "<group>"; };
		634B0C1926A28A1600D189F0 /* Info.plist */ = {isa = PBXFileReference; lastKnownFileType = text.plist.xml; path = Info.plist; sourceTree = "<group>"; };
		63EFE3FE26A2930A00000FF2 /* SpendingType.swift */ = {isa = PBXFileReference; lastKnownFileType = sourcecode.swift; path = SpendingType.swift; sourceTree = "<group>"; };
/* End PBXFileReference section */

/* Begin PBXFrameworksBuildPhase section */
		634B0C0A26A28A1200D189F0 /* Frameworks */ = {
			isa = PBXFrameworksBuildPhase;
			buildActionMask = 2147483647;
			files = (
			);
			runOnlyForDeploymentPostprocessing = 0;
		};
/* End PBXFrameworksBuildPhase section */

/* Begin PBXGroup section */
		634B0C0426A28A1200D189F0 = {
			isa = PBXGroup;
			children = (
				634B0C0F26A28A1200D189F0 /* SpentPrototype */,
				634B0C0E26A28A1200D189F0 /* Products */,
			);
			sourceTree = "<group>";
			wrapsLines = 0;
		};
		634B0C0E26A28A1200D189F0 /* Products */ = {
			isa = PBXGroup;
			children = (
				634B0C0D26A28A1200D189F0 /* SpentPrototype.app */,
			);
			name = Products;
			sourceTree = "<group>";
		};
		634B0C0F26A28A1200D189F0 /* SpentPrototype */ = {
			isa = PBXGroup;
			children = (
				634B0C1026A28A1200D189F0 /* SpentPrototypeApp.swift */,
				634B0C1226A28A1200D189F0 /* ContentView.swift */,
				63EFE3FE26A2930A00000FF2 /* SpendingType.swift */,
				634B0C1426A28A1600D189F0 /* Assets.xcassets */,
				634B0C1926A28A1600D189F0 /* Info.plist */,
				634B0C1626A28A1600D189F0 /* Preview Content */,
			);
			path = SpentPrototype;
			sourceTree = "<group>";
		};
		634B0C1626A28A1600D189F0 /* Preview Content */ = {
			isa = PBXGroup;
			children = (
				634B0C1726A28A1600D189F0 /* Preview Assets.xcassets */,
			);
			path = "Preview Content";
			sourceTree = "<group>";
		};
/* End PBXGroup section */

/* Begin PBXNativeTarget section */
		634B0C0C26A28A1200D189F0 /* SpentPrototype */ = {
			isa = PBXNativeTarget;
			buildConfigurationList = 634B0C1C26A28A1600D189F0 /* Build configuration list for PBXNativeTarget "SpentPrototype" */;
			buildPhases = (
				634B0C0926A28A1200D189F0 /* Sources */,
				634B0C0A26A28A1200D189F0 /* Frameworks */,
				634B0C0B26A28A1200D189F0 /* Resources */,
			);
			buildRules = (
			);
			dependencies = (
			);
			name = SpentPrototype;
			productName = SpentPrototype;
			productReference = 634B0C0D26A28A1200D189F0 /* SpentPrototype.app */;
			productType = "com.apple.product-type.application";
		};
/* End PBXNativeTarget section */

/* Begin PBXProject section */
		634B0C0526A28A1200D189F0 /* Project object */ = {
			isa = PBXProject;
			attributes = {
				LastSwiftUpdateCheck = 1250;
				LastUpgradeCheck = 1250;
				TargetAttributes = {
					634B0C0C26A28A1200D189F0 = {
						CreatedOnToolsVersion = 12.5.1;
					};
				};
			};
			buildConfigurationList = 634B0C0826A28A1200D189F0 /* Build configuration list for PBXProject "SpentPrototype" */;
			compatibilityVersion = "Xcode 9.3";
			developmentRegion = en;
			hasScannedForEncodings = 0;
			knownRegions = (
				en,
				Base,
			);
			mainGroup = 634B0C0426A28A1200D189F0;
			productRefGroup = 634B0C0E26A28A1200D189F0 /* Products */;
			projectDirPath = "";
			projectRoot = "";
			targets = (
				634B0C0C26A28A1200D189F0 /* SpentPrototype */,
			);
		};
/* End PBXProject section */

/* Begin PBXResourcesBuildPhase section */
		634B0C0B26A28A1200D189F0 /* Resources */ = {
			isa = PBXResourcesBuildPhase;
			buildActionMask = 2147483647;
			files = (
				634B0C1826A28A1600D189F0 /* Preview Assets.xcassets in Resources */,
				634B0C1526A28A1600D189F0 /* Assets.xcassets in Resources */,
			);
			runOnlyForDeploymentPostprocessing = 0;
		};
/* End PBXResourcesBuildPhase section */

/* Begin PBXSourcesBuildPhase section */
		634B0C0926A28A1200D189F0 /* Sources */ = {
			isa = PBXSourcesBuildPhase;
			buildActionMask = 2147483647;
			files = (
				634B0C1326A28A1200D189F0 /* ContentView.swift in Sources */,
				63EFE3FF26A2930A00000FF2 /* SpendingType.swift in Sources */,
				634B0C1126A28A1200D189F0 /* SpentPrototypeApp.swift in Sources */,
			);
			runOnlyForDeploymentPostprocessing = 0;
		};
/* End PBXSourcesBuildPhase section */

/* Begin XCBuildConfiguration section */
		634B0C1A26A28A1600D189F0 /* Debug */ = {
			isa = XCBuildConfiguration;
			buildSettings = {
				ALWAYS_SEARCH_USER_PATHS = NO;
				CLANG_ANALYZER_NONNULL = YES;
				CLANG_ANALYZER_NUMBER_OBJECT_CONVERSION = YES_AGGRESSIVE;
				CLANG_CXX_LANGUAGE_STANDARD = "gnu++14";
				CLANG_CXX_LIBRARY = "libc++";
				CLANG_ENABLE_MODULES = YES;
				CLANG_ENABLE_OBJC_ARC = YES;
				CLANG_ENABLE_OBJC_WEAK = YES;
				CLANG_WARN_BLOCK_CAPTURE_AUTORELEASING = YES;
				CLANG_WARN_BOOL_CONVERSION = YES;
				CLANG_WARN_COMMA = YES;
				CLANG_WARN_CONSTANT_CONVERSION = YES;
				CLANG_WARN_DEPRECATED_OBJC_IMPLEMENTATIONS = YES;
				CLANG_WARN_DIRECT_OBJC_ISA_USAGE = YES_ERROR;
				CLANG_WARN_DOCUMENTATION_COMMENTS = YES;
				CLANG_WARN_EMPTY_BODY = YES;
				CLANG_WARN_ENUM_CONVERSION = YES;
				CLANG_WARN_INFINITE_RECURSION = YES;
				CLANG_WARN_INT_CONVERSION = YES;
				CLANG_WARN_NON_LITERAL_NULL_CONVERSION = YES;
				CLANG_WARN_OBJC_IMPLICIT_RETAIN_SELF = YES;
				CLANG_WARN_OBJC_LITERAL_CONVERSION = YES;
				CLANG_WARN_OBJC_ROOT_CLASS = YES_ERROR;
				CLANG_WARN_QUOTED_INCLUDE_IN_FRAMEWORK_HEADER = YES;
				CLANG_WARN_RANGE_LOOP_ANALYSIS = YES;
				CLANG_WARN_STRICT_PROTOTYPES = YES;
				CLANG_WARN_SUSPICIOUS_MOVE = YES;
				CLANG_WARN_UNGUARDED_AVAILABILITY = YES_AGGRESSIVE;
				CLANG_WARN_UNREACHABLE_CODE = YES;
				CLANG_WARN__DUPLICATE_METHOD_MATCH = YES;
				COPY_PHASE_STRIP = NO;
				DEBUG_INFORMATION_FORMAT = dwarf;
				ENABLE_STRICT_OBJC_MSGSEND = YES;
				ENABLE_TESTABILITY = YES;
				GCC_C_LANGUAGE_STANDARD = gnu11;
				GCC_DYNAMIC_NO_PIC = NO;
				GCC_NO_COMMON_BLOCKS = YES;
				GCC_OPTIMIZATION_LEVEL = 0;
				GCC_PREPROCESSOR_DEFINITIONS = (
					"DEBUG=1",
					"$(inherited)",
				);
				GCC_WARN_64_TO_32_BIT_CONVERSION = YES;
				GCC_WARN_ABOUT_RETURN_TYPE = YES_ERROR;
				GCC_WARN_UNDECLARED_SELECTOR = YES;
				GCC_WARN_UNINITIALIZED_AUTOS = YES_AGGRESSIVE;
				GCC_WARN_UNUSED_FUNCTION = YES;
				GCC_WARN_UNUSED_VARIABLE = YES;
				IPHONEOS_DEPLOYMENT_TARGET = 14.5;
				MTL_ENABLE_DEBUG_INFO = INCLUDE_SOURCE;
				MTL_FAST_MATH = YES;
				ONLY_ACTIVE_ARCH = YES;
				SDKROOT = iphoneos;
				SWIFT_ACTIVE_COMPILATION_CONDITIONS = DEBUG;
				SWIFT_OPTIMIZATION_LEVEL = "-Onone";
			};
			name = Debug;
		};
		634B0C1B26A28A1600D189F0 /* Release */ = {
			isa = XCBuildConfiguration;
			buildSettings = {
				ALWAYS_SEARCH_USER_PATHS = NO;
				CLANG_ANALYZER_NONNULL = YES;
				CLANG_ANALYZER_NUMBER_OBJECT_CONVERSION = YES_AGGRESSIVE;
				CLANG_CXX_LANGUAGE_STANDARD = "gnu++14";
				CLANG_CXX_LIBRARY = "libc++";
				CLANG_ENABLE_MODULES = YES;
				CLANG_ENABLE_OBJC_ARC = YES;
				CLANG_ENABLE_OBJC_WEAK = YES;
				CLANG_WARN_BLOCK_CAPTURE_AUTORELEASING = YES;
				CLANG_WARN_BOOL_CONVERSION = YES;
				CLANG_WARN_COMMA = YES;
				CLANG_WARN_CONSTANT_CONVERSION = YES;
				CLANG_WARN_DEPRECATED_OBJC_IMPLEMENTATIONS = YES;
				CLANG_WARN_DIRECT_OBJC_ISA_USAGE = YES_ERROR;
				CLANG_WARN_DOCUMENTATION_COMMENTS = YES;
				CLANG_WARN_EMPTY_BODY = YES;
				CLANG_WARN_ENUM_CONVERSION = YES;
				CLANG_WARN_INFINITE_RECURSION = YES;
				CLANG_WARN_INT_CONVERSION = YES;
				CLANG_WARN_NON_LITERAL_NULL_CONVERSION = YES;
				CLANG_WARN_OBJC_IMPLICIT_RETAIN_SELF = YES;
				CLANG_WARN_OBJC_LITERAL_CONVERSION = YES;
				CLANG_WARN_OBJC_ROOT_CLASS = YES_ERROR;
				CLANG_WARN_QUOTED_INCLUDE_IN_FRAMEWORK_HEADER = YES;
				CLANG_WARN_RANGE_LOOP_ANALYSIS = YES;
				CLANG_WARN_STRICT_PROTOTYPES = YES;
				CLANG_WARN_SUSPICIOUS_MOVE = YES;
				CLANG_WARN_UNGUARDED_AVAILABILITY = YES_AGGRESSIVE;
				CLANG_WARN_UNREACHABLE_CODE = YES;
				CLANG_WARN__DUPLICATE_METHOD_MATCH = YES;
				COPY_PHASE_STRIP = NO;
				DEBUG_INFORMATION_FORMAT = "dwarf-with-dsym";
				ENABLE_NS_ASSERTIONS = NO;
				ENABLE_STRICT_OBJC_MSGSEND = YES;
				GCC_C_LANGUAGE_STANDARD = gnu11;
				GCC_NO_COMMON_BLOCKS = YES;
				GCC_WARN_64_TO_32_BIT_CONVERSION = YES;
				GCC_WARN_ABOUT_RETURN_TYPE = YES_ERROR;
				GCC_WARN_UNDECLARED_SELECTOR = YES;
				GCC_WARN_UNINITIALIZED_AUTOS = YES_AGGRESSIVE;
				GCC_WARN_UNUSED_FUNCTION = YES;
				GCC_WARN_UNUSED_VARIABLE = YES;
				IPHONEOS_DEPLOYMENT_TARGET = 14.5;
				MTL_ENABLE_DEBUG_INFO = NO;
				MTL_FAST_MATH = YES;
				SDKROOT = iphoneos;
				SWIFT_COMPILATION_MODE = wholemodule;
				SWIFT_OPTIMIZATION_LEVEL = "-O";
				VALIDATE_PRODUCT = YES;
			};
			name = Release;
		};
		634B0C1D26A28A1600D189F0 /* Debug */ = {
			isa = XCBuildConfiguration;
			buildSettings = {
				ASSETCATALOG_COMPILER_APPICON_NAME = AppIcon;
				ASSETCATALOG_COMPILER_GLOBAL_ACCENT_COLOR_NAME = AccentColor;
				CODE_SIGN_STYLE = Automatic;
				DEVELOPMENT_ASSET_PATHS = "\"SpentPrototype/Preview Content\"";
				DEVELOPMENT_TEAM = LMM66LU4TM;
				ENABLE_PREVIEWS = YES;
				INFOPLIST_FILE = SpentPrototype/Info.plist;
				IPHONEOS_DEPLOYMENT_TARGET = 14.0;
				LD_RUNPATH_SEARCH_PATHS = (
					"$(inherited)",
					"@executable_path/Frameworks",
				);
				PRODUCT_BUNDLE_IDENTIFIER = learningSwiftUI.SpentPrototype;
				PRODUCT_NAME = "$(TARGET_NAME)";
				SWIFT_VERSION = 5.0;
				TARGETED_DEVICE_FAMILY = 1;
			};
			name = Debug;
		};
		634B0C1E26A28A1600D189F0 /* Release */ = {
			isa = XCBuildConfiguration;
			buildSettings = {
				ASSETCATALOG_COMPILER_APPICON_NAME = AppIcon;
				ASSETCATALOG_COMPILER_GLOBAL_ACCENT_COLOR_NAME = AccentColor;
				CODE_SIGN_STYLE = Automatic;
				DEVELOPMENT_ASSET_PATHS = "\"SpentPrototype/Preview Content\"";
				DEVELOPMENT_TEAM = LMM66LU4TM;
				ENABLE_PREVIEWS = YES;
				INFOPLIST_FILE = SpentPrototype/Info.plist;
				IPHONEOS_DEPLOYMENT_TARGET = 14.0;
				LD_RUNPATH_SEARCH_PATHS = (
					"$(inherited)",
					"@executable_path/Frameworks",
				);
				PRODUCT_BUNDLE_IDENTIFIER = learningSwiftUI.SpentPrototype;
				PRODUCT_NAME = "$(TARGET_NAME)";
				SWIFT_VERSION = 5.0;
				TARGETED_DEVICE_FAMILY = 1;
			};
			name = Release;
		};
/* End XCBuildConfiguration section */

/* Begin XCConfigurationList section */
		634B0C0826A28A1200D189F0 /* Build configuration list for PBXProject "SpentPrototype" */ = {
			isa = XCConfigurationList;
			buildConfigurations = (
				634B0C1A26A28A1600D189F0 /* Debug */,
				634B0C1B26A28A1600D189F0 /* Release */,
			);
			defaultConfigurationIsVisible = 0;
			defaultConfigurationName = Release;
		};
		634B0C1C26A28A1600D189F0 /* Build configuration list for PBXNativeTarget "SpentPrototype" */ = {
			isa = XCConfigurationList;
			buildConfigurations = (
				634B0C1D26A28A1600D189F0 /* Debug */,
				634B0C1E26A28A1600D189F0 /* Release */,
			);
			defaultConfigurationIsVisible = 0;
			defaultConfigurationName = Release;
		};
/* End XCConfigurationList section */
	};
	rootObject = 634B0C0526A28A1200D189F0 /* Project object */;
}
