// !$*UTF8*$!
{
	archiveVersion = 1;
	classes = {
	};
	objectVersion = 50;
	objects = {

/* Begin PBXBuildFile section */
		63C59758256E2CEC0080B29A /* AppDelegate.swift in Sources */ = {isa = PBXBuildFile; fileRef = 63C59757256E2CEC0080B29A /* AppDelegate.swift */; };
		63C5975A256E2CEC0080B29A /* SceneDelegate.swift in Sources */ = {isa = PBXBuildFile; fileRef = 63C59759256E2CEC0080B29A /* SceneDelegate.swift */; };
		63C5975C256E2CEC0080B29A /* ViewController.swift in Sources */ = {isa = PBXBuildFile; fileRef = 63C5975B256E2CEC0080B29A /* ViewController.swift */; };
		63C5975F256E2CEC0080B29A /* Main.storyboard in Resources */ = {isa = PBXBuildFile; fileRef = 63C5975D256E2CEC0080B29A /* Main.storyboard */; };
		63C59761256E2CEE0080B29A /* Assets.xcassets in Resources */ = {isa = PBXBuildFile; fileRef = 63C59760256E2CEE0080B29A /* Assets.xcassets */; };
		63C59764256E2CEE0080B29A /* LaunchScreen.storyboard in Resources */ = {isa = PBXBuildFile; fileRef = 63C59762256E2CEE0080B29A /* LaunchScreen.storyboard */; };
		63C5976F256E2CEF0080B29A /* Udacity___01___DocumentationTests.swift in Sources */ = {isa = PBXBuildFile; fileRef = 63C5976E256E2CEF0080B29A /* Udacity___01___DocumentationTests.swift */; };
		63C5977A256E2CEF0080B29A /* Udacity___01___DocumentationUITests.swift in Sources */ = {isa = PBXBuildFile; fileRef = 63C59779256E2CEF0080B29A /* Udacity___01___DocumentationUITests.swift */; };
/* End PBXBuildFile section */

/* Begin PBXContainerItemProxy section */
		63C5976B256E2CEF0080B29A /* PBXContainerItemProxy */ = {
			isa = PBXContainerItemProxy;
			containerPortal = 63C5974C256E2CEC0080B29A /* Project object */;
			proxyType = 1;
			remoteGlobalIDString = 63C59753256E2CEC0080B29A;
			remoteInfo = "Udacity - 01 - Documentation";
		};
		63C59776256E2CEF0080B29A /* PBXContainerItemProxy */ = {
			isa = PBXContainerItemProxy;
			containerPortal = 63C5974C256E2CEC0080B29A /* Project object */;
			proxyType = 1;
			remoteGlobalIDString = 63C59753256E2CEC0080B29A;
			remoteInfo = "Udacity - 01 - Documentation";
		};
/* End PBXContainerItemProxy section */

/* Begin PBXFileReference section */
		63C59754256E2CEC0080B29A /* Udacity - 01 - Documentation.app */ = {isa = PBXFileReference; explicitFileType = wrapper.application; includeInIndex = 0; path = "Udacity - 01 - Documentation.app"; sourceTree = BUILT_PRODUCTS_DIR; };
		63C59757256E2CEC0080B29A /* AppDelegate.swift */ = {isa = PBXFileReference; lastKnownFileType = sourcecode.swift; path = AppDelegate.swift; sourceTree = "<group>"; };
		63C59759256E2CEC0080B29A /* SceneDelegate.swift */ = {isa = PBXFileReference; lastKnownFileType = sourcecode.swift; path = SceneDelegate.swift; sourceTree = "<group>"; };
		63C5975B256E2CEC0080B29A /* ViewController.swift */ = {isa = PBXFileReference; lastKnownFileType = sourcecode.swift; path = ViewController.swift; sourceTree = "<group>"; };
		63C5975E256E2CEC0080B29A /* Base */ = {isa = PBXFileReference; lastKnownFileType = file.storyboard; name = Base; path = Base.lproj/Main.storyboard; sourceTree = "<group>"; };
		63C59760256E2CEE0080B29A /* Assets.xcassets */ = {isa = PBXFileReference; lastKnownFileType = folder.assetcatalog; path = Assets.xcassets; sourceTree = "<group>"; };
		63C59763256E2CEE0080B29A /* Base */ = {isa = PBXFileReference; lastKnownFileType = file.storyboard; name = Base; path = Base.lproj/LaunchScreen.storyboard; sourceTree = "<group>"; };
		63C59765256E2CEE0080B29A /* Info.plist */ = {isa = PBXFileReference; lastKnownFileType = text.plist.xml; path = Info.plist; sourceTree = "<group>"; };
		63C5976A256E2CEF0080B29A /* Udacity - 01 - DocumentationTests.xctest */ = {isa = PBXFileReference; explicitFileType = wrapper.cfbundle; includeInIndex = 0; path = "Udacity - 01 - DocumentationTests.xctest"; sourceTree = BUILT_PRODUCTS_DIR; };
		63C5976E256E2CEF0080B29A /* Udacity___01___DocumentationTests.swift */ = {isa = PBXFileReference; lastKnownFileType = sourcecode.swift; path = "Udacity___01___DocumentationTests.swift"; sourceTree = "<group>"; };
		63C59770256E2CEF0080B29A /* Info.plist */ = {isa = PBXFileReference; lastKnownFileType = text.plist.xml; path = Info.plist; sourceTree = "<group>"; };
		63C59775256E2CEF0080B29A /* Udacity - 01 - DocumentationUITests.xctest */ = {isa = PBXFileReference; explicitFileType = wrapper.cfbundle; includeInIndex = 0; path = "Udacity - 01 - DocumentationUITests.xctest"; sourceTree = BUILT_PRODUCTS_DIR; };
		63C59779256E2CEF0080B29A /* Udacity___01___DocumentationUITests.swift */ = {isa = PBXFileReference; lastKnownFileType = sourcecode.swift; path = "Udacity___01___DocumentationUITests.swift"; sourceTree = "<group>"; };
		63C5977B256E2CEF0080B29A /* Info.plist */ = {isa = PBXFileReference; lastKnownFileType = text.plist.xml; path = Info.plist; sourceTree = "<group>"; };
/* End PBXFileReference section */

/* Begin PBXFrameworksBuildPhase section */
		63C59751256E2CEC0080B29A /* Frameworks */ = {
			isa = PBXFrameworksBuildPhase;
			buildActionMask = 2147483647;
			files = (
			);
			runOnlyForDeploymentPostprocessing = 0;
		};
		63C59767256E2CEF0080B29A /* Frameworks */ = {
			isa = PBXFrameworksBuildPhase;
			buildActionMask = 2147483647;
			files = (
			);
			runOnlyForDeploymentPostprocessing = 0;
		};
		63C59772256E2CEF0080B29A /* Frameworks */ = {
			isa = PBXFrameworksBuildPhase;
			buildActionMask = 2147483647;
			files = (
			);
			runOnlyForDeploymentPostprocessing = 0;
		};
/* End PBXFrameworksBuildPhase section */

/* Begin PBXGroup section */
		63C5974B256E2CEC0080B29A = {
			isa = PBXGroup;
			children = (
				63C59756256E2CEC0080B29A /* Udacity - 01 - Documentation */,
				63C5976D256E2CEF0080B29A /* Udacity - 01 - DocumentationTests */,
				63C59778256E2CEF0080B29A /* Udacity - 01 - DocumentationUITests */,
				63C59755256E2CEC0080B29A /* Products */,
			);
			sourceTree = "<group>";
		};
		63C59755256E2CEC0080B29A /* Products */ = {
			isa = PBXGroup;
			children = (
				63C59754256E2CEC0080B29A /* Udacity - 01 - Documentation.app */,
				63C5976A256E2CEF0080B29A /* Udacity - 01 - DocumentationTests.xctest */,
				63C59775256E2CEF0080B29A /* Udacity - 01 - DocumentationUITests.xctest */,
			);
			name = Products;
			sourceTree = "<group>";
		};
		63C59756256E2CEC0080B29A /* Udacity - 01 - Documentation */ = {
			isa = PBXGroup;
			children = (
				63C59757256E2CEC0080B29A /* AppDelegate.swift */,
				63C59759256E2CEC0080B29A /* SceneDelegate.swift */,
				63C5975B256E2CEC0080B29A /* ViewController.swift */,
				63C5975D256E2CEC0080B29A /* Main.storyboard */,
				63C59760256E2CEE0080B29A /* Assets.xcassets */,
				63C59762256E2CEE0080B29A /* LaunchScreen.storyboard */,
				63C59765256E2CEE0080B29A /* Info.plist */,
			);
			path = "Udacity - 01 - Documentation";
			sourceTree = "<group>";
		};
		63C5976D256E2CEF0080B29A /* Udacity - 01 - DocumentationTests */ = {
			isa = PBXGroup;
			children = (
				63C5976E256E2CEF0080B29A /* Udacity___01___DocumentationTests.swift */,
				63C59770256E2CEF0080B29A /* Info.plist */,
			);
			path = "Udacity - 01 - DocumentationTests";
			sourceTree = "<group>";
		};
		63C59778256E2CEF0080B29A /* Udacity - 01 - DocumentationUITests */ = {
			isa = PBXGroup;
			children = (
				63C59779256E2CEF0080B29A /* Udacity___01___DocumentationUITests.swift */,
				63C5977B256E2CEF0080B29A /* Info.plist */,
			);
			path = "Udacity - 01 - DocumentationUITests";
			sourceTree = "<group>";
		};
/* End PBXGroup section */

/* Begin PBXNativeTarget section */
		63C59753256E2CEC0080B29A /* Udacity - 01 - Documentation */ = {
			isa = PBXNativeTarget;
			buildConfigurationList = 63C5977E256E2CEF0080B29A /* Build configuration list for PBXNativeTarget "Udacity - 01 - Documentation" */;
			buildPhases = (
				63C59750256E2CEC0080B29A /* Sources */,
				63C59751256E2CEC0080B29A /* Frameworks */,
				63C59752256E2CEC0080B29A /* Resources */,
			);
			buildRules = (
			);
			dependencies = (
			);
			name = "Udacity - 01 - Documentation";
			productName = "Udacity - 01 - Documentation";
			productReference = 63C59754256E2CEC0080B29A /* Udacity - 01 - Documentation.app */;
			productType = "com.apple.product-type.application";
		};
		63C59769256E2CEF0080B29A /* Udacity - 01 - DocumentationTests */ = {
			isa = PBXNativeTarget;
			buildConfigurationList = 63C59781256E2CEF0080B29A /* Build configuration list for PBXNativeTarget "Udacity - 01 - DocumentationTests" */;
			buildPhases = (
				63C59766256E2CEF0080B29A /* Sources */,
				63C59767256E2CEF0080B29A /* Frameworks */,
				63C59768256E2CEF0080B29A /* Resources */,
			);
			buildRules = (
			);
			dependencies = (
				63C5976C256E2CEF0080B29A /* PBXTargetDependency */,
			);
			name = "Udacity - 01 - DocumentationTests";
			productName = "Udacity - 01 - DocumentationTests";
			productReference = 63C5976A256E2CEF0080B29A /* Udacity - 01 - DocumentationTests.xctest */;
			productType = "com.apple.product-type.bundle.unit-test";
		};
		63C59774256E2CEF0080B29A /* Udacity - 01 - DocumentationUITests */ = {
			isa = PBXNativeTarget;
			buildConfigurationList = 63C59784256E2CEF0080B29A /* Build configuration list for PBXNativeTarget "Udacity - 01 - DocumentationUITests" */;
			buildPhases = (
				63C59771256E2CEF0080B29A /* Sources */,
				63C59772256E2CEF0080B29A /* Frameworks */,
				63C59773256E2CEF0080B29A /* Resources */,
			);
			buildRules = (
			);
			dependencies = (
				63C59777256E2CEF0080B29A /* PBXTargetDependency */,
			);
			name = "Udacity - 01 - DocumentationUITests";
			productName = "Udacity - 01 - DocumentationUITests";
			productReference = 63C59775256E2CEF0080B29A /* Udacity - 01 - DocumentationUITests.xctest */;
			productType = "com.apple.product-type.bundle.ui-testing";
		};
/* End PBXNativeTarget section */

/* Begin PBXProject section */
		63C5974C256E2CEC0080B29A /* Project object */ = {
			isa = PBXProject;
			attributes = {
				LastSwiftUpdateCheck = 1220;
				LastUpgradeCheck = 1220;
				TargetAttributes = {
					63C59753256E2CEC0080B29A = {
						CreatedOnToolsVersion = 12.2;
					};
					63C59769256E2CEF0080B29A = {
						CreatedOnToolsVersion = 12.2;
						TestTargetID = 63C59753256E2CEC0080B29A;
					};
					63C59774256E2CEF0080B29A = {
						CreatedOnToolsVersion = 12.2;
						TestTargetID = 63C59753256E2CEC0080B29A;
					};
				};
			};
			buildConfigurationList = 63C5974F256E2CEC0080B29A /* Build configuration list for PBXProject "Udacity - 01 - Documentation" */;
			compatibilityVersion = "Xcode 9.3";
			developmentRegion = en;
			hasScannedForEncodings = 0;
			knownRegions = (
				en,
				Base,
			);
			mainGroup = 63C5974B256E2CEC0080B29A;
			productRefGroup = 63C59755256E2CEC0080B29A /* Products */;
			projectDirPath = "";
			projectRoot = "";
			targets = (
				63C59753256E2CEC0080B29A /* Udacity - 01 - Documentation */,
				63C59769256E2CEF0080B29A /* Udacity - 01 - DocumentationTests */,
				63C59774256E2CEF0080B29A /* Udacity - 01 - DocumentationUITests */,
			);
		};
/* End PBXProject section */

/* Begin PBXResourcesBuildPhase section */
		63C59752256E2CEC0080B29A /* Resources */ = {
			isa = PBXResourcesBuildPhase;
			buildActionMask = 2147483647;
			files = (
				63C59764256E2CEE0080B29A /* LaunchScreen.storyboard in Resources */,
				63C59761256E2CEE0080B29A /* Assets.xcassets in Resources */,
				63C5975F256E2CEC0080B29A /* Main.storyboard in Resources */,
			);
			runOnlyForDeploymentPostprocessing = 0;
		};
		63C59768256E2CEF0080B29A /* Resources */ = {
			isa = PBXResourcesBuildPhase;
			buildActionMask = 2147483647;
			files = (
			);
			runOnlyForDeploymentPostprocessing = 0;
		};
		63C59773256E2CEF0080B29A /* Resources */ = {
			isa = PBXResourcesBuildPhase;
			buildActionMask = 2147483647;
			files = (
			);
			runOnlyForDeploymentPostprocessing = 0;
		};
/* End PBXResourcesBuildPhase section */

/* Begin PBXSourcesBuildPhase section */
		63C59750256E2CEC0080B29A /* Sources */ = {
			isa = PBXSourcesBuildPhase;
			buildActionMask = 2147483647;
			files = (
				63C5975C256E2CEC0080B29A /* ViewController.swift in Sources */,
				63C59758256E2CEC0080B29A /* AppDelegate.swift in Sources */,
				63C5975A256E2CEC0080B29A /* SceneDelegate.swift in Sources */,
			);
			runOnlyForDeploymentPostprocessing = 0;
		};
		63C59766256E2CEF0080B29A /* Sources */ = {
			isa = PBXSourcesBuildPhase;
			buildActionMask = 2147483647;
			files = (
				63C5976F256E2CEF0080B29A /* Udacity___01___DocumentationTests.swift in Sources */,
			);
			runOnlyForDeploymentPostprocessing = 0;
		};
		63C59771256E2CEF0080B29A /* Sources */ = {
			isa = PBXSourcesBuildPhase;
			buildActionMask = 2147483647;
			files = (
				63C5977A256E2CEF0080B29A /* Udacity___01___DocumentationUITests.swift in Sources */,
			);
			runOnlyForDeploymentPostprocessing = 0;
		};
/* End PBXSourcesBuildPhase section */

/* Begin PBXTargetDependency section */
		63C5976C256E2CEF0080B29A /* PBXTargetDependency */ = {
			isa = PBXTargetDependency;
			target = 63C59753256E2CEC0080B29A /* Udacity - 01 - Documentation */;
			targetProxy = 63C5976B256E2CEF0080B29A /* PBXContainerItemProxy */;
		};
		63C59777256E2CEF0080B29A /* PBXTargetDependency */ = {
			isa = PBXTargetDependency;
			target = 63C59753256E2CEC0080B29A /* Udacity - 01 - Documentation */;
			targetProxy = 63C59776256E2CEF0080B29A /* PBXContainerItemProxy */;
		};
/* End PBXTargetDependency section */

/* Begin PBXVariantGroup section */
		63C5975D256E2CEC0080B29A /* Main.storyboard */ = {
			isa = PBXVariantGroup;
			children = (
				63C5975E256E2CEC0080B29A /* Base */,
			);
			name = Main.storyboard;
			sourceTree = "<group>";
		};
		63C59762256E2CEE0080B29A /* LaunchScreen.storyboard */ = {
			isa = PBXVariantGroup;
			children = (
				63C59763256E2CEE0080B29A /* Base */,
			);
			name = LaunchScreen.storyboard;
			sourceTree = "<group>";
		};
/* End PBXVariantGroup section */

/* Begin XCBuildConfiguration section */
		63C5977C256E2CEF0080B29A /* Debug */ = {
			isa = XCBuildConfiguration;
			buildSettings = {
				ALWAYS_SEARCH_USER_PATHS = NO;
				CLANG_ANALYZER_NONNULL = YES;
				CLANG_ANALYZER_NUMBER_OBJECT_CONVERSION = YES_AGGRESSIVE;
				CLANG_CXX_LANGUAGE_STANDARD = "gnu++14";
				CLANG_CXX_LIBRARY = "libc++";
				CLANG_ENABLE_MODULES = YES;
				CLANG_ENABLE_OBJC_ARC = YES;
				CLANG_ENABLE_OBJC_WEAK = YES;
				CLANG_WARN_BLOCK_CAPTURE_AUTORELEASING = YES;
				CLANG_WARN_BOOL_CONVERSION = YES;
				CLANG_WARN_COMMA = YES;
				CLANG_WARN_CONSTANT_CONVERSION = YES;
				CLANG_WARN_DEPRECATED_OBJC_IMPLEMENTATIONS = YES;
				CLANG_WARN_DIRECT_OBJC_ISA_USAGE = YES_ERROR;
				CLANG_WARN_DOCUMENTATION_COMMENTS = YES;
				CLANG_WARN_EMPTY_BODY = YES;
				CLANG_WARN_ENUM_CONVERSION = YES;
				CLANG_WARN_INFINITE_RECURSION = YES;
				CLANG_WARN_INT_CONVERSION = YES;
				CLANG_WARN_NON_LITERAL_NULL_CONVERSION = YES;
				CLANG_WARN_OBJC_IMPLICIT_RETAIN_SELF = YES;
				CLANG_WARN_OBJC_LITERAL_CONVERSION = YES;
				CLANG_WARN_OBJC_ROOT_CLASS = YES_ERROR;
				CLANG_WARN_QUOTED_INCLUDE_IN_FRAMEWORK_HEADER = YES;
				CLANG_WARN_RANGE_LOOP_ANALYSIS = YES;
				CLANG_WARN_STRICT_PROTOTYPES = YES;
				CLANG_WARN_SUSPICIOUS_MOVE = YES;
				CLANG_WARN_UNGUARDED_AVAILABILITY = YES_AGGRESSIVE;
				CLANG_WARN_UNREACHABLE_CODE = YES;
				CLANG_WARN__DUPLICATE_METHOD_MATCH = YES;
				COPY_PHASE_STRIP = NO;
				DEBUG_INFORMATION_FORMAT = dwarf;
				ENABLE_STRICT_OBJC_MSGSEND = YES;
				ENABLE_TESTABILITY = YES;
				GCC_C_LANGUAGE_STANDARD = gnu11;
				GCC_DYNAMIC_NO_PIC = NO;
				GCC_NO_COMMON_BLOCKS = YES;
				GCC_OPTIMIZATION_LEVEL = 0;
				GCC_PREPROCESSOR_DEFINITIONS = (
					"DEBUG=1",
					"$(inherited)",
				);
				GCC_WARN_64_TO_32_BIT_CONVERSION = YES;
				GCC_WARN_ABOUT_RETURN_TYPE = YES_ERROR;
				GCC_WARN_UNDECLARED_SELECTOR = YES;
				GCC_WARN_UNINITIALIZED_AUTOS = YES_AGGRESSIVE;
				GCC_WARN_UNUSED_FUNCTION = YES;
				GCC_WARN_UNUSED_VARIABLE = YES;
				IPHONEOS_DEPLOYMENT_TARGET = 14.2;
				MTL_ENABLE_DEBUG_INFO = INCLUDE_SOURCE;
				MTL_FAST_MATH = YES;
				ONLY_ACTIVE_ARCH = YES;
				SDKROOT = iphoneos;
				SWIFT_ACTIVE_COMPILATION_CONDITIONS = DEBUG;
				SWIFT_OPTIMIZATION_LEVEL = "-Onone";
			};
			name = Debug;
		};
		63C5977D256E2CEF0080B29A /* Release */ = {
			isa = XCBuildConfiguration;
			buildSettings = {
				ALWAYS_SEARCH_USER_PATHS = NO;
				CLANG_ANALYZER_NONNULL = YES;
				CLANG_ANALYZER_NUMBER_OBJECT_CONVERSION = YES_AGGRESSIVE;
				CLANG_CXX_LANGUAGE_STANDARD = "gnu++14";
				CLANG_CXX_LIBRARY = "libc++";
				CLANG_ENABLE_MODULES = YES;
				CLANG_ENABLE_OBJC_ARC = YES;
				CLANG_ENABLE_OBJC_WEAK = YES;
				CLANG_WARN_BLOCK_CAPTURE_AUTORELEASING = YES;
				CLANG_WARN_BOOL_CONVERSION = YES;
				CLANG_WARN_COMMA = YES;
				CLANG_WARN_CONSTANT_CONVERSION = YES;
				CLANG_WARN_DEPRECATED_OBJC_IMPLEMENTATIONS = YES;
				CLANG_WARN_DIRECT_OBJC_ISA_USAGE = YES_ERROR;
				CLANG_WARN_DOCUMENTATION_COMMENTS = YES;
				CLANG_WARN_EMPTY_BODY = YES;
				CLANG_WARN_ENUM_CONVERSION = YES;
				CLANG_WARN_INFINITE_RECURSION = YES;
				CLANG_WARN_INT_CONVERSION = YES;
				CLANG_WARN_NON_LITERAL_NULL_CONVERSION = YES;
				CLANG_WARN_OBJC_IMPLICIT_RETAIN_SELF = YES;
				CLANG_WARN_OBJC_LITERAL_CONVERSION = YES;
				CLANG_WARN_OBJC_ROOT_CLASS = YES_ERROR;
				CLANG_WARN_QUOTED_INCLUDE_IN_FRAMEWORK_HEADER = YES;
				CLANG_WARN_RANGE_LOOP_ANALYSIS = YES;
				CLANG_WARN_STRICT_PROTOTYPES = YES;
				CLANG_WARN_SUSPICIOUS_MOVE = YES;
				CLANG_WARN_UNGUARDED_AVAILABILITY = YES_AGGRESSIVE;
				CLANG_WARN_UNREACHABLE_CODE = YES;
				CLANG_WARN__DUPLICATE_METHOD_MATCH = YES;
				COPY_PHASE_STRIP = NO;
				DEBUG_INFORMATION_FORMAT = "dwarf-with-dsym";
				ENABLE_NS_ASSERTIONS = NO;
				ENABLE_STRICT_OBJC_MSGSEND = YES;
				GCC_C_LANGUAGE_STANDARD = gnu11;
				GCC_NO_COMMON_BLOCKS = YES;
				GCC_WARN_64_TO_32_BIT_CONVERSION = YES;
				GCC_WARN_ABOUT_RETURN_TYPE = YES_ERROR;
				GCC_WARN_UNDECLARED_SELECTOR = YES;
				GCC_WARN_UNINITIALIZED_AUTOS = YES_AGGRESSIVE;
				GCC_WARN_UNUSED_FUNCTION = YES;
				GCC_WARN_UNUSED_VARIABLE = YES;
				IPHONEOS_DEPLOYMENT_TARGET = 14.2;
				MTL_ENABLE_DEBUG_INFO = NO;
				MTL_FAST_MATH = YES;
				SDKROOT = iphoneos;
				SWIFT_COMPILATION_MODE = wholemodule;
				SWIFT_OPTIMIZATION_LEVEL = "-O";
				VALIDATE_PRODUCT = YES;
			};
			name = Release;
		};
		63C5977F256E2CEF0080B29A /* Debug */ = {
			isa = XCBuildConfiguration;
			buildSettings = {
				ASSETCATALOG_COMPILER_APPICON_NAME = AppIcon;
				ASSETCATALOG_COMPILER_GLOBAL_ACCENT_COLOR_NAME = AccentColor;
				CODE_SIGN_STYLE = Automatic;
				DEVELOPMENT_TEAM = LMM66LU4TM;
				INFOPLIST_FILE = "Udacity - 01 - Documentation/Info.plist";
				LD_RUNPATH_SEARCH_PATHS = (
					"$(inherited)",
					"@executable_path/Frameworks",
				);
				PRODUCT_BUNDLE_IDENTIFIER = "LearningiOS.Udacity---01---Documentation";
				PRODUCT_NAME = "$(TARGET_NAME)";
				SWIFT_VERSION = 5.0;
				TARGETED_DEVICE_FAMILY = 1;
			};
			name = Debug;
		};
		63C59780256E2CEF0080B29A /* Release */ = {
			isa = XCBuildConfiguration;
			buildSettings = {
				ASSETCATALOG_COMPILER_APPICON_NAME = AppIcon;
				ASSETCATALOG_COMPILER_GLOBAL_ACCENT_COLOR_NAME = AccentColor;
				CODE_SIGN_STYLE = Automatic;
				DEVELOPMENT_TEAM = LMM66LU4TM;
				INFOPLIST_FILE = "Udacity - 01 - Documentation/Info.plist";
				LD_RUNPATH_SEARCH_PATHS = (
					"$(inherited)",
					"@executable_path/Frameworks",
				);
				PRODUCT_BUNDLE_IDENTIFIER = "LearningiOS.Udacity---01---Documentation";
				PRODUCT_NAME = "$(TARGET_NAME)";
				SWIFT_VERSION = 5.0;
				TARGETED_DEVICE_FAMILY = 1;
			};
			name = Release;
		};
		63C59782256E2CEF0080B29A /* Debug */ = {
			isa = XCBuildConfiguration;
			buildSettings = {
				ALWAYS_EMBED_SWIFT_STANDARD_LIBRARIES = YES;
				BUNDLE_LOADER = "$(TEST_HOST)";
				CODE_SIGN_STYLE = Automatic;
				DEVELOPMENT_TEAM = LMM66LU4TM;
				INFOPLIST_FILE = "Udacity - 01 - DocumentationTests/Info.plist";
				IPHONEOS_DEPLOYMENT_TARGET = 14.2;
				LD_RUNPATH_SEARCH_PATHS = (
					"$(inherited)",
					"@executable_path/Frameworks",
					"@loader_path/Frameworks",
				);
				PRODUCT_BUNDLE_IDENTIFIER = "LearningiOS.Udacity---01---DocumentationTests";
				PRODUCT_NAME = "$(TARGET_NAME)";
				SWIFT_VERSION = 5.0;
				TARGETED_DEVICE_FAMILY = "1,2";
				TEST_HOST = "$(BUILT_PRODUCTS_DIR)/Udacity - 01 - Documentation.app/Udacity - 01 - Documentation";
			};
			name = Debug;
		};
		63C59783256E2CEF0080B29A /* Release */ = {
			isa = XCBuildConfiguration;
			buildSettings = {
				ALWAYS_EMBED_SWIFT_STANDARD_LIBRARIES = YES;
				BUNDLE_LOADER = "$(TEST_HOST)";
				CODE_SIGN_STYLE = Automatic;
				DEVELOPMENT_TEAM = LMM66LU4TM;
				INFOPLIST_FILE = "Udacity - 01 - DocumentationTests/Info.plist";
				IPHONEOS_DEPLOYMENT_TARGET = 14.2;
				LD_RUNPATH_SEARCH_PATHS = (
					"$(inherited)",
					"@executable_path/Frameworks",
					"@loader_path/Frameworks",
				);
				PRODUCT_BUNDLE_IDENTIFIER = "LearningiOS.Udacity---01---DocumentationTests";
				PRODUCT_NAME = "$(TARGET_NAME)";
				SWIFT_VERSION = 5.0;
				TARGETED_DEVICE_FAMILY = "1,2";
				TEST_HOST = "$(BUILT_PRODUCTS_DIR)/Udacity - 01 - Documentation.app/Udacity - 01 - Documentation";
			};
			name = Release;
		};
		63C59785256E2CEF0080B29A /* Debug */ = {
			isa = XCBuildConfiguration;
			buildSettings = {
				ALWAYS_EMBED_SWIFT_STANDARD_LIBRARIES = YES;
				CODE_SIGN_STYLE = Automatic;
				DEVELOPMENT_TEAM = LMM66LU4TM;
				INFOPLIST_FILE = "Udacity - 01 - DocumentationUITests/Info.plist";
				LD_RUNPATH_SEARCH_PATHS = (
					"$(inherited)",
					"@executable_path/Frameworks",
					"@loader_path/Frameworks",
				);
				PRODUCT_BUNDLE_IDENTIFIER = "LearningiOS.Udacity---01---DocumentationUITests";
				PRODUCT_NAME = "$(TARGET_NAME)";
				SWIFT_VERSION = 5.0;
				TARGETED_DEVICE_FAMILY = "1,2";
				TEST_TARGET_NAME = "Udacity - 01 - Documentation";
			};
			name = Debug;
		};
		63C59786256E2CEF0080B29A /* Release */ = {
			isa = XCBuildConfiguration;
			buildSettings = {
				ALWAYS_EMBED_SWIFT_STANDARD_LIBRARIES = YES;
				CODE_SIGN_STYLE = Automatic;
				DEVELOPMENT_TEAM = LMM66LU4TM;
				INFOPLIST_FILE = "Udacity - 01 - DocumentationUITests/Info.plist";
				LD_RUNPATH_SEARCH_PATHS = (
					"$(inherited)",
					"@executable_path/Frameworks",
					"@loader_path/Frameworks",
				);
				PRODUCT_BUNDLE_IDENTIFIER = "LearningiOS.Udacity---01---DocumentationUITests";
				PRODUCT_NAME = "$(TARGET_NAME)";
				SWIFT_VERSION = 5.0;
				TARGETED_DEVICE_FAMILY = "1,2";
				TEST_TARGET_NAME = "Udacity - 01 - Documentation";
			};
			name = Release;
		};
/* End XCBuildConfiguration section */

/* Begin XCConfigurationList section */
		63C5974F256E2CEC0080B29A /* Build configuration list for PBXProject "Udacity - 01 - Documentation" */ = {
			isa = XCConfigurationList;
			buildConfigurations = (
				63C5977C256E2CEF0080B29A /* Debug */,
				63C5977D256E2CEF0080B29A /* Release */,
			);
			defaultConfigurationIsVisible = 0;
			defaultConfigurationName = Release;
		};
		63C5977E256E2CEF0080B29A /* Build configuration list for PBXNativeTarget "Udacity - 01 - Documentation" */ = {
			isa = XCConfigurationList;
			buildConfigurations = (
				63C5977F256E2CEF0080B29A /* Debug */,
				63C59780256E2CEF0080B29A /* Release */,
			);
			defaultConfigurationIsVisible = 0;
			defaultConfigurationName = Release;
		};
		63C59781256E2CEF0080B29A /* Build configuration list for PBXNativeTarget "Udacity - 01 - DocumentationTests" */ = {
			isa = XCConfigurationList;
			buildConfigurations = (
				63C59782256E2CEF0080B29A /* Debug */,
				63C59783256E2CEF0080B29A /* Release */,
			);
			defaultConfigurationIsVisible = 0;
			defaultConfigurationName = Release;
		};
		63C59784256E2CEF0080B29A /* Build configuration list for PBXNativeTarget "Udacity - 01 - DocumentationUITests" */ = {
			isa = XCConfigurationList;
			buildConfigurations = (
				63C59785256E2CEF0080B29A /* Debug */,
				63C59786256E2CEF0080B29A /* Release */,
			);
			defaultConfigurationIsVisible = 0;
			defaultConfigurationName = Release;
		};
/* End XCConfigurationList section */
	};
	rootObject = 63C5974C256E2CEC0080B29A /* Project object */;
}
